
Microsoft Visual Studio Solution File, Format Version 12.00
# Visual Studio Version 16
VisualStudioVersion = 25.0.1705.4
MinimumVisualStudioVersion = 10.0.40219.1
Project("{FAE04EC0-301F-11D3-BF4B-00C04F79EFBC}") = "NominatimAPI", "NominatimAPI\NominatimAPI.csproj", "{D605C035-5D9C-4096-BC33-E456498C823D}"
EndProject
Project("{FAE04EC0-301F-11D3-BF4B-00C04F79EFBC}") = "TestNominatim", "TestNominatim\TestNominatim.csproj", "{4349BB38-68BA-4A87-B5D3-BDF59B0949AA}"
EndProject
Global
	GlobalSection(SolutionConfigurationPlatforms) = preSolution
		Debug|Any CPU = Debug|Any CPU
		Release|Any CPU = Release|Any CPU
	EndGlobalSection
	GlobalSection(ProjectConfigurationPlatforms) = postSolution
		{D605C035-5D9C-4096-BC33-E456498C823D}.Debug|Any CPU.ActiveCfg = Debug|Any CPU
		{D605C035-5D9C-4096-BC33-E456498C823D}.Debug|Any CPU.Build.0 = Debug|Any CPU
		{D605C035-5D9C-4096-BC33-E456498C823D}.Release|Any CPU.ActiveCfg = Release|Any CPU
		{D605C035-5D9C-4096-BC33-E456498C823D}.Release|Any CPU.Build.0 = Release|Any CPU
		{4349BB38-68BA-4A87-B5D3-BDF59B0949AA}.Debug|Any CPU.ActiveCfg = Debug|Any CPU
		{4349BB38-68BA-4A87-B5D3-BDF59B0949AA}.Debug|Any CPU.Build.0 = Debug|Any CPU
		{4349BB38-68BA-4A87-B5D3-BDF59B0949AA}.Release|Any CPU.ActiveCfg = Release|Any CPU
		{4349BB38-68BA-4A87-B5D3-BDF59B0949AA}.Release|Any CPU.Build.0 = Release|Any CPU
	EndGlobalSection
	GlobalSection(SolutionProperties) = preSolution
		HideSolutionNode = FALSE
	EndGlobalSection
	GlobalSection(ExtensibilityGlobals) = postSolution
		SolutionGuid = {AF9D973B-DB07-4BC9-8573-ADE281F8CCFE}
	EndGlobalSection
EndGlobal
